
Microsoft Visual Studio Solution File, Format Version 12.00
# Visual Studio Version 17
VisualStudioVersion = 17.7.34024.191
MinimumVisualStudioVersion = 10.0.40219.1
Project("{FAE04EC0-301F-11D3-BF4B-00C04F79EFBC}") = "Barcode Generator Reader", "Barcode Generator Reader\Barcode Generator Reader.csproj", "{BBF630F7-158E-42A7-B89C-01903A223E90}"
EndProject
Global
	GlobalSection(SolutionConfigurationPlatforms) = preSolution
		Debug|Any CPU = Debug|Any CPU
		Release|Any CPU = Release|Any CPU
	EndGlobalSection
	GlobalSection(ProjectConfigurationPlatforms) = postSolution
		{BBF630F7-158E-42A7-B89C-01903A223E90}.Debug|Any CPU.ActiveCfg = Debug|Any CPU
		{BBF630F7-158E-42A7-B89C-01903A223E90}.Debug|Any CPU.Build.0 = Debug|Any CPU
		{BBF630F7-158E-42A7-B89C-01903A223E90}.Release|Any CPU.ActiveCfg = Release|Any CPU
		{BBF630F7-158E-42A7-B89C-01903A223E90}.Release|Any CPU.Build.0 = Release|Any CPU
	EndGlobalSection
	GlobalSection(SolutionProperties) = preSolution
		HideSolutionNode = FALSE
	EndGlobalSection
	GlobalSection(ExtensibilityGlobals) = postSolution
		SolutionGuid = {42AE5D01-653C-40F5-95E6-09C2A2617BA4}
	EndGlobalSection
EndGlobal
